
Microsoft Visual Studio Solution File, Format Version 12.00
# Visual Studio 2012
Project("{FAE04EC0-301F-11D3-BF4B-00C04F79EFBC}") = "simluationProject", "simluationProject\simluationProject.csproj", "{D8E3D6E3-10E9-4FC1-8287-F9BE6539F006}"
EndProject
Project("{FAE04EC0-301F-11D3-BF4B-00C04F79EFBC}") = "GoGUI", "GoGUI\GoGUI.csproj", "{9452C5A3-A8F7-4572-8E1D-0059E5276870}"
EndProject
Global
	GlobalSection(SolutionConfigurationPlatforms) = preSolution
		Debug|Any CPU = Debug|Any CPU
		Release|Any CPU = Release|Any CPU
	EndGlobalSection
	GlobalSection(ProjectConfigurationPlatforms) = postSolution
		{D8E3D6E3-10E9-4FC1-8287-F9BE6539F006}.Debug|Any CPU.ActiveCfg = Debug|Any CPU
		{D8E3D6E3-10E9-4FC1-8287-F9BE6539F006}.Debug|Any CPU.Build.0 = Debug|Any CPU
		{D8E3D6E3-10E9-4FC1-8287-F9BE6539F006}.Release|Any CPU.ActiveCfg = Release|Any CPU
		{D8E3D6E3-10E9-4FC1-8287-F9BE6539F006}.Release|Any CPU.Build.0 = Release|Any CPU
		{9452C5A3-A8F7-4572-8E1D-0059E5276870}.Debug|Any CPU.ActiveCfg = Debug|Any CPU
		{9452C5A3-A8F7-4572-8E1D-0059E5276870}.Debug|Any CPU.Build.0 = Debug|Any CPU
		{9452C5A3-A8F7-4572-8E1D-0059E5276870}.Release|Any CPU.ActiveCfg = Release|Any CPU
		{9452C5A3-A8F7-4572-8E1D-0059E5276870}.Release|Any CPU.Build.0 = Release|Any CPU
	EndGlobalSection
	GlobalSection(SolutionProperties) = preSolution
		HideSolutionNode = FALSE
	EndGlobalSection
EndGlobal
